<Solution>
  <Folder Name="/apps/" />
  <Folder Name="/apps/backend/">
    <Project Path="apps/backend/ElCevichazo.Api/ElCevichazo.Api.csproj" />
    <Project Path="apps/backend/ElCevichazo.Application/ElCevichazo.Application.csproj" />
    <Project Path="apps/backend/ElCevichazo.Domain/ElCevichazo.Domain.csproj" />
    <Project Path="apps/backend/ElCevichazo.Infrastructure/ElCevichazo.Infrastructure.csproj" />
  </Folder>
</Solution>
